
Microsoft Visual Studio Solution File, Format Version 12.00
# Visual Studio Version 17
VisualStudioVersion = 17.12.35209.166
MinimumVisualStudioVersion = 10.0.40219.1
Project("{FAE04EC0-301F-11D3-BF4B-00C04F79EFBC}") = "ReserGO.Utils.DTO", "ReserGO.Utils.DTO\ReserGO.Utils.DTO.csproj", "{B14F2286-88F8-425E-9857-D56BE31D7778}"
EndProject
Project("{FAE04EC0-301F-11D3-BF4B-00C04F79EFBC}") = "ReserGO.Utils.Events", "ReserGO.Utils.Events\ReserGO.Utils.Events.csproj", "{63C0E4A4-8703-43B1-A325-A0879159A166}"
EndProject
Project("{FAE04EC0-301F-11D3-BF4B-00C04F79EFBC}") = "ReserGO.Utils.MVM", "ReserGO.Utils.MVM\ReserGO.Utils.MVM.csproj", "{5D8F5D81-F27C-471C-A2CC-4BB377E6082F}"
EndProject
Project("{FAE04EC0-301F-11D3-BF4B-00C04F79EFBC}") = "ReserGO.Utils.Service", "ReserGO.Utils.Service\ReserGO.Utils.Service.csproj", "{9F030E06-E53C-4217-A1CD-11FE791A40DE}"
EndProject
Project("{FAE04EC0-301F-11D3-BF4B-00C04F79EFBC}") = "ReserGO.Utils.UI", "ReserGO.Utils.UI\ReserGO.Utils.UI.csproj", "{C4B603FF-EBB3-4EB5-A8F6-56C083DB9D32}"
EndProject
Global
	GlobalSection(SolutionConfigurationPlatforms) = preSolution
		Debug|Any CPU = Debug|Any CPU
		Release|Any CPU = Release|Any CPU
	EndGlobalSection
	GlobalSection(ProjectConfigurationPlatforms) = postSolution
		{B14F2286-88F8-425E-9857-D56BE31D7778}.Debug|Any CPU.ActiveCfg = Debug|Any CPU
		{B14F2286-88F8-425E-9857-D56BE31D7778}.Debug|Any CPU.Build.0 = Debug|Any CPU
		{B14F2286-88F8-425E-9857-D56BE31D7778}.Release|Any CPU.ActiveCfg = Release|Any CPU
		{B14F2286-88F8-425E-9857-D56BE31D7778}.Release|Any CPU.Build.0 = Release|Any CPU
		{63C0E4A4-8703-43B1-A325-A0879159A166}.Debug|Any CPU.ActiveCfg = Debug|Any CPU
		{63C0E4A4-8703-43B1-A325-A0879159A166}.Debug|Any CPU.Build.0 = Debug|Any CPU
		{63C0E4A4-8703-43B1-A325-A0879159A166}.Release|Any CPU.ActiveCfg = Release|Any CPU
		{63C0E4A4-8703-43B1-A325-A0879159A166}.Release|Any CPU.Build.0 = Release|Any CPU
		{5D8F5D81-F27C-471C-A2CC-4BB377E6082F}.Debug|Any CPU.ActiveCfg = Debug|Any CPU
		{5D8F5D81-F27C-471C-A2CC-4BB377E6082F}.Debug|Any CPU.Build.0 = Debug|Any CPU
		{5D8F5D81-F27C-471C-A2CC-4BB377E6082F}.Release|Any CPU.ActiveCfg = Release|Any CPU
		{5D8F5D81-F27C-471C-A2CC-4BB377E6082F}.Release|Any CPU.Build.0 = Release|Any CPU
		{9F030E06-E53C-4217-A1CD-11FE791A40DE}.Debug|Any CPU.ActiveCfg = Debug|Any CPU
		{9F030E06-E53C-4217-A1CD-11FE791A40DE}.Debug|Any CPU.Build.0 = Debug|Any CPU
		{9F030E06-E53C-4217-A1CD-11FE791A40DE}.Release|Any CPU.ActiveCfg = Release|Any CPU
		{9F030E06-E53C-4217-A1CD-11FE791A40DE}.Release|Any CPU.Build.0 = Release|Any CPU
		{C4B603FF-EBB3-4EB5-A8F6-56C083DB9D32}.Debug|Any CPU.ActiveCfg = Debug|Any CPU
		{C4B603FF-EBB3-4EB5-A8F6-56C083DB9D32}.Debug|Any CPU.Build.0 = Debug|Any CPU
		{C4B603FF-EBB3-4EB5-A8F6-56C083DB9D32}.Release|Any CPU.ActiveCfg = Release|Any CPU
		{C4B603FF-EBB3-4EB5-A8F6-56C083DB9D32}.Release|Any CPU.Build.0 = Release|Any CPU
	EndGlobalSection
	GlobalSection(SolutionProperties) = preSolution
		HideSolutionNode = FALSE
	EndGlobalSection
	GlobalSection(ExtensibilityGlobals) = postSolution
		SolutionGuid = {BD1F8916-8866-4578-8597-488D6E924604}
	EndGlobalSection
EndGlobal
